
Microsoft Visual Studio Solution File, Format Version 12.00
# Visual Studio Version 16
VisualStudioVersion = 16.0.31205.134
MinimumVisualStudioVersion = 10.0.40219.1
Project("{FAE04EC0-301F-11D3-BF4B-00C04F79EFBC}") = "ObjectInitializerGenerator", "ObjectInitializerGenerator.csproj", "{CBEC766C-71DF-48A8-BFA5-E1C17339D22D}"
EndProject
Project("{9A19103F-16F7-4668-BE54-9A1E7A4F7556}") = "Tests", "Tests\Tests.csproj", "{CDBACBB3-6F6A-476C-809A-6455CCAE0F03}"
EndProject
Global
	GlobalSection(SolutionConfigurationPlatforms) = preSolution
		Debug|Any CPU = Debug|Any CPU
		Release|Any CPU = Release|Any CPU
	EndGlobalSection
	GlobalSection(ProjectConfigurationPlatforms) = postSolution
		{CBEC766C-71DF-48A8-BFA5-E1C17339D22D}.Debug|Any CPU.ActiveCfg = Debug|Any CPU
		{CBEC766C-71DF-48A8-BFA5-E1C17339D22D}.Debug|Any CPU.Build.0 = Debug|Any CPU
		{CBEC766C-71DF-48A8-BFA5-E1C17339D22D}.Release|Any CPU.ActiveCfg = Release|Any CPU
		{CBEC766C-71DF-48A8-BFA5-E1C17339D22D}.Release|Any CPU.Build.0 = Release|Any CPU
		{CDBACBB3-6F6A-476C-809A-6455CCAE0F03}.Debug|Any CPU.ActiveCfg = Debug|Any CPU
		{CDBACBB3-6F6A-476C-809A-6455CCAE0F03}.Debug|Any CPU.Build.0 = Debug|Any CPU
		{CDBACBB3-6F6A-476C-809A-6455CCAE0F03}.Release|Any CPU.ActiveCfg = Release|Any CPU
		{CDBACBB3-6F6A-476C-809A-6455CCAE0F03}.Release|Any CPU.Build.0 = Release|Any CPU
	EndGlobalSection
	GlobalSection(SolutionProperties) = preSolution
		HideSolutionNode = FALSE
	EndGlobalSection
	GlobalSection(ExtensibilityGlobals) = postSolution
		SolutionGuid = {211EB912-0B5B-4952-B232-6A52F20C683C}
	EndGlobalSection
EndGlobal
